// !$*UTF8*$!
{
	archiveVersion = 1;
	classes = {
	};
	objectVersion = 46;
	objects = {

/* Begin PBXBuildFile section */
		E12475B21F1C8A1600F32346 /* AppDelegate.swift in Sources */ = {isa = PBXBuildFile; fileRef = E12475B11F1C8A1600F32346 /* AppDelegate.swift */; };
		E12475B41F1C8A1600F32346 /* ViewController.swift in Sources */ = {isa = PBXBuildFile; fileRef = E12475B31F1C8A1600F32346 /* ViewController.swift */; };
		E12475B71F1C8A1600F32346 /* Main.storyboard in Resources */ = {isa = PBXBuildFile; fileRef = E12475B51F1C8A1600F32346 /* Main.storyboard */; };
		E12475B91F1C8A1600F32346 /* Assets.xcassets in Resources */ = {isa = PBXBuildFile; fileRef = E12475B81F1C8A1600F32346 /* Assets.xcassets */; };
		E12475BC1F1C8A1600F32346 /* LaunchScreen.storyboard in Resources */ = {isa = PBXBuildFile; fileRef = E12475BA1F1C8A1600F32346 /* LaunchScreen.storyboard */; };
		E12475C61F1C8B5100F32346 /* Ball.swift in Sources */ = {isa = PBXBuildFile; fileRef = E12475C51F1C8B5100F32346 /* Ball.swift */; };
		E12475D51F1DA5E900F32346 /* ball.png in Resources */ = {isa = PBXBuildFile; fileRef = E12475D41F1DA5E900F32346 /* ball.png */; };
		E12475D71F1DA5F800F32346 /* ball1.png in Resources */ = {isa = PBXBuildFile; fileRef = E12475D61F1DA5F800F32346 /* ball1.png */; };
		E12475D91F1DA60300F32346 /* ball2.png in Resources */ = {isa = PBXBuildFile; fileRef = E12475D81F1DA60300F32346 /* ball2.png */; };
		E12475DB1F1DA63900F32346 /* ball3.png in Resources */ = {isa = PBXBuildFile; fileRef = E12475DA1F1DA63900F32346 /* ball3.png */; };
		E12475DD1F1DA64200F32346 /* ball4.png in Resources */ = {isa = PBXBuildFile; fileRef = E12475DC1F1DA64200F32346 /* ball4.png */; };
		E12475DF1F1DA64C00F32346 /* ball5.png in Resources */ = {isa = PBXBuildFile; fileRef = E12475DE1F1DA64C00F32346 /* ball5.png */; };
		E12475E31F1DD5B200F32346 /* HoleView.swift in Sources */ = {isa = PBXBuildFile; fileRef = E12475E21F1DD5B200F32346 /* HoleView.swift */; };
		E12475E51F1DEE3C00F32346 /* GoalView.swift in Sources */ = {isa = PBXBuildFile; fileRef = E12475E41F1DEE3C00F32346 /* GoalView.swift */; };
		E12475EF1F1E036700F32346 /* Background.png in Resources */ = {isa = PBXBuildFile; fileRef = E12475EC1F1E036700F32346 /* Background.png */; };
		E12475F01F1E036700F32346 /* Background@2x.png in Resources */ = {isa = PBXBuildFile; fileRef = E12475ED1F1E036700F32346 /* Background@2x.png */; };
		E12475F11F1E036700F32346 /* Background@3x.png in Resources */ = {isa = PBXBuildFile; fileRef = E12475EE1F1E036700F32346 /* Background@3x.png */; };
		E12476021F1E3A7000F32346 /* stage1_1.png in Resources */ = {isa = PBXBuildFile; fileRef = E12475F31F1E3A7000F32346 /* stage1_1.png */; };
		E12476031F1E3A7000F32346 /* stage1_1@2x.png in Resources */ = {isa = PBXBuildFile; fileRef = E12475F41F1E3A7000F32346 /* stage1_1@2x.png */; };
		E12476041F1E3A7000F32346 /* stage1_1@3x.png in Resources */ = {isa = PBXBuildFile; fileRef = E12475F51F1E3A7000F32346 /* stage1_1@3x.png */; };
		E12476051F1E3A7000F32346 /* stage1_2.png in Resources */ = {isa = PBXBuildFile; fileRef = E12475F61F1E3A7000F32346 /* stage1_2.png */; };
		E12476061F1E3A7000F32346 /* stage1_2@2x.png in Resources */ = {isa = PBXBuildFile; fileRef = E12475F71F1E3A7000F32346 /* stage1_2@2x.png */; };
		E12476071F1E3A7000F32346 /* stage1_2@3x.png in Resources */ = {isa = PBXBuildFile; fileRef = E12475F81F1E3A7000F32346 /* stage1_2@3x.png */; };
		E12476081F1E3A7000F32346 /* stage1_3.png in Resources */ = {isa = PBXBuildFile; fileRef = E12475F91F1E3A7000F32346 /* stage1_3.png */; };
		E12476091F1E3A7000F32346 /* stage1_3@2x.png in Resources */ = {isa = PBXBuildFile; fileRef = E12475FA1F1E3A7000F32346 /* stage1_3@2x.png */; };
		E124760A1F1E3A7000F32346 /* stage1_3@3x.png in Resources */ = {isa = PBXBuildFile; fileRef = E12475FB1F1E3A7000F32346 /* stage1_3@3x.png */; };
		E124760B1F1E3A7000F32346 /* stage1_4.png in Resources */ = {isa = PBXBuildFile; fileRef = E12475FC1F1E3A7000F32346 /* stage1_4.png */; };
		E124760C1F1E3A7000F32346 /* stage1_4@2x.png in Resources */ = {isa = PBXBuildFile; fileRef = E12475FD1F1E3A7000F32346 /* stage1_4@2x.png */; };
		E124760D1F1E3A7000F32346 /* stage1_4@3x.png in Resources */ = {isa = PBXBuildFile; fileRef = E12475FE1F1E3A7000F32346 /* stage1_4@3x.png */; };
		E124760E1F1E3A7000F32346 /* stage1_5.png in Resources */ = {isa = PBXBuildFile; fileRef = E12475FF1F1E3A7000F32346 /* stage1_5.png */; };
		E124760F1F1E3A7000F32346 /* stage1_5@2x.png in Resources */ = {isa = PBXBuildFile; fileRef = E12476001F1E3A7000F32346 /* stage1_5@2x.png */; };
		E12476101F1E3A7000F32346 /* stage1_5@3x.png in Resources */ = {isa = PBXBuildFile; fileRef = E12476011F1E3A7000F32346 /* stage1_5@3x.png */; };
/* End PBXBuildFile section */

/* Begin PBXFileReference section */
		E12475AE1F1C8A1600F32346 /* Labyinth.app */ = {isa = PBXFileReference; explicitFileType = wrapper.application; includeInIndex = 0; path = Labyinth.app; sourceTree = BUILT_PRODUCTS_DIR; };
		E12475B11F1C8A1600F32346 /* AppDelegate.swift */ = {isa = PBXFileReference; lastKnownFileType = sourcecode.swift; path = AppDelegate.swift; sourceTree = "<group>"; };
		E12475B31F1C8A1600F32346 /* ViewController.swift */ = {isa = PBXFileReference; lastKnownFileType = sourcecode.swift; path = ViewController.swift; sourceTree = "<group>"; };
		E12475B61F1C8A1600F32346 /* Base */ = {isa = PBXFileReference; lastKnownFileType = file.storyboard; name = Base; path = Base.lproj/Main.storyboard; sourceTree = "<group>"; };
		E12475B81F1C8A1600F32346 /* Assets.xcassets */ = {isa = PBXFileReference; lastKnownFileType = folder.assetcatalog; path = Assets.xcassets; sourceTree = "<group>"; };
		E12475BB1F1C8A1600F32346 /* Base */ = {isa = PBXFileReference; lastKnownFileType = file.storyboard; name = Base; path = Base.lproj/LaunchScreen.storyboard; sourceTree = "<group>"; };
		E12475BD1F1C8A1600F32346 /* Info.plist */ = {isa = PBXFileReference; lastKnownFileType = text.plist.xml; path = Info.plist; sourceTree = "<group>"; };
		E12475C51F1C8B5100F32346 /* Ball.swift */ = {isa = PBXFileReference; fileEncoding = 4; lastKnownFileType = sourcecode.swift; path = Ball.swift; sourceTree = "<group>"; };
		E12475D41F1DA5E900F32346 /* ball.png */ = {isa = PBXFileReference; lastKnownFileType = image.png; path = ball.png; sourceTree = "<group>"; };
		E12475D61F1DA5F800F32346 /* ball1.png */ = {isa = PBXFileReference; lastKnownFileType = image.png; path = ball1.png; sourceTree = "<group>"; };
		E12475D81F1DA60300F32346 /* ball2.png */ = {isa = PBXFileReference; lastKnownFileType = image.png; path = ball2.png; sourceTree = "<group>"; };
		E12475DA1F1DA63900F32346 /* ball3.png */ = {isa = PBXFileReference; lastKnownFileType = image.png; path = ball3.png; sourceTree = "<group>"; };
		E12475DC1F1DA64200F32346 /* ball4.png */ = {isa = PBXFileReference; lastKnownFileType = image.png; path = ball4.png; sourceTree = "<group>"; };
		E12475DE1F1DA64C00F32346 /* ball5.png */ = {isa = PBXFileReference; lastKnownFileType = image.png; path = ball5.png; sourceTree = "<group>"; };
		E12475E21F1DD5B200F32346 /* HoleView.swift */ = {isa = PBXFileReference; fileEncoding = 4; lastKnownFileType = sourcecode.swift; path = HoleView.swift; sourceTree = "<group>"; };
		E12475E41F1DEE3C00F32346 /* GoalView.swift */ = {isa = PBXFileReference; fileEncoding = 4; lastKnownFileType = sourcecode.swift; path = GoalView.swift; sourceTree = "<group>"; };
		E12475EC1F1E036700F32346 /* Background.png */ = {isa = PBXFileReference; lastKnownFileType = image.png; path = Background.png; sourceTree = "<group>"; };
		E12475ED1F1E036700F32346 /* Background@2x.png */ = {isa = PBXFileReference; lastKnownFileType = image.png; path = "Background@2x.png"; sourceTree = "<group>"; };
		E12475EE1F1E036700F32346 /* Background@3x.png */ = {isa = PBXFileReference; lastKnownFileType = image.png; path = "Background@3x.png"; sourceTree = "<group>"; };
		E12475F31F1E3A7000F32346 /* stage1_1.png */ = {isa = PBXFileReference; lastKnownFileType = image.png; path = stage1_1.png; sourceTree = "<group>"; };
		E12475F41F1E3A7000F32346 /* stage1_1@2x.png */ = {isa = PBXFileReference; lastKnownFileType = image.png; path = "stage1_1@2x.png"; sourceTree = "<group>"; };
		E12475F51F1E3A7000F32346 /* stage1_1@3x.png */ = {isa = PBXFileReference; lastKnownFileType = image.png; path = "stage1_1@3x.png"; sourceTree = "<group>"; };
		E12475F61F1E3A7000F32346 /* stage1_2.png */ = {isa = PBXFileReference; lastKnownFileType = image.png; path = stage1_2.png; sourceTree = "<group>"; };
		E12475F71F1E3A7000F32346 /* stage1_2@2x.png */ = {isa = PBXFileReference; lastKnownFileType = image.png; path = "stage1_2@2x.png"; sourceTree = "<group>"; };
		E12475F81F1E3A7000F32346 /* stage1_2@3x.png */ = {isa = PBXFileReference; lastKnownFileType = image.png; path = "stage1_2@3x.png"; sourceTree = "<group>"; };
		E12475F91F1E3A7000F32346 /* stage1_3.png */ = {isa = PBXFileReference; lastKnownFileType = image.png; path = stage1_3.png; sourceTree = "<group>"; };
		E12475FA1F1E3A7000F32346 /* stage1_3@2x.png */ = {isa = PBXFileReference; lastKnownFileType = image.png; path = "stage1_3@2x.png"; sourceTree = "<group>"; };
		E12475FB1F1E3A7000F32346 /* stage1_3@3x.png */ = {isa = PBXFileReference; lastKnownFileType = image.png; path = "stage1_3@3x.png"; sourceTree = "<group>"; };
		E12475FC1F1E3A7000F32346 /* stage1_4.png */ = {isa = PBXFileReference; lastKnownFileType = image.png; path = stage1_4.png; sourceTree = "<group>"; };
		E12475FD1F1E3A7000F32346 /* stage1_4@2x.png */ = {isa = PBXFileReference; lastKnownFileType = image.png; path = "stage1_4@2x.png"; sourceTree = "<group>"; };
		E12475FE1F1E3A7000F32346 /* stage1_4@3x.png */ = {isa = PBXFileReference; lastKnownFileType = image.png; path = "stage1_4@3x.png"; sourceTree = "<group>"; };
		E12475FF1F1E3A7000F32346 /* stage1_5.png */ = {isa = PBXFileReference; lastKnownFileType = image.png; path = stage1_5.png; sourceTree = "<group>"; };
		E12476001F1E3A7000F32346 /* stage1_5@2x.png */ = {isa = PBXFileReference; lastKnownFileType = image.png; path = "stage1_5@2x.png"; sourceTree = "<group>"; };
		E12476011F1E3A7000F32346 /* stage1_5@3x.png */ = {isa = PBXFileReference; lastKnownFileType = image.png; path = "stage1_5@3x.png"; sourceTree = "<group>"; };
/* End PBXFileReference section */

/* Begin PBXFrameworksBuildPhase section */
		E12475AB1F1C8A1600F32346 /* Frameworks */ = {
			isa = PBXFrameworksBuildPhase;
			buildActionMask = 2147483647;
			files = (
			);
			runOnlyForDeploymentPostprocessing = 0;
		};
/* End PBXFrameworksBuildPhase section */

/* Begin PBXGroup section */
		E12475A51F1C8A1600F32346 = {
			isa = PBXGroup;
			children = (
				E12475B01F1C8A1600F32346 /* Labyinth */,
				E12475AF1F1C8A1600F32346 /* Products */,
			);
			sourceTree = "<group>";
		};
		E12475AF1F1C8A1600F32346 /* Products */ = {
			isa = PBXGroup;
			children = (
				E12475AE1F1C8A1600F32346 /* Labyinth.app */,
			);
			name = Products;
			sourceTree = "<group>";
		};
		E12475B01F1C8A1600F32346 /* Labyinth */ = {
			isa = PBXGroup;
			children = (
				E12475C71F1C8C2E00F32346 /* Images */,
				E12475B11F1C8A1600F32346 /* AppDelegate.swift */,
				E12475B31F1C8A1600F32346 /* ViewController.swift */,
				E12475B51F1C8A1600F32346 /* Main.storyboard */,
				E12475B81F1C8A1600F32346 /* Assets.xcassets */,
				E12475BA1F1C8A1600F32346 /* LaunchScreen.storyboard */,
				E12475BD1F1C8A1600F32346 /* Info.plist */,
				E12475C51F1C8B5100F32346 /* Ball.swift */,
				E12475E21F1DD5B200F32346 /* HoleView.swift */,
				E12475E41F1DEE3C00F32346 /* GoalView.swift */,
			);
			path = Labyinth;
			sourceTree = "<group>";
		};
		E12475C71F1C8C2E00F32346 /* Images */ = {
			isa = PBXGroup;
			children = (
				E12475F21F1E35FB00F32346 /* chapter 1 */,
				E12475D41F1DA5E900F32346 /* ball.png */,
				E12475D61F1DA5F800F32346 /* ball1.png */,
				E12475D81F1DA60300F32346 /* ball2.png */,
				E12475DA1F1DA63900F32346 /* ball3.png */,
				E12475DC1F1DA64200F32346 /* ball4.png */,
				E12475DE1F1DA64C00F32346 /* ball5.png */,
				E12475EC1F1E036700F32346 /* Background.png */,
				E12475ED1F1E036700F32346 /* Background@2x.png */,
				E12475EE1F1E036700F32346 /* Background@3x.png */,
			);
			name = Images;
			sourceTree = "<group>";
		};
		E12475F21F1E35FB00F32346 /* chapter 1 */ = {
			isa = PBXGroup;
			children = (
				E12475F31F1E3A7000F32346 /* stage1_1.png */,
				E12475F41F1E3A7000F32346 /* stage1_1@2x.png */,
				E12475F51F1E3A7000F32346 /* stage1_1@3x.png */,
				E12475F61F1E3A7000F32346 /* stage1_2.png */,
				E12475F71F1E3A7000F32346 /* stage1_2@2x.png */,
				E12475F81F1E3A7000F32346 /* stage1_2@3x.png */,
				E12475F91F1E3A7000F32346 /* stage1_3.png */,
				E12475FA1F1E3A7000F32346 /* stage1_3@2x.png */,
				E12475FB1F1E3A7000F32346 /* stage1_3@3x.png */,
				E12475FC1F1E3A7000F32346 /* stage1_4.png */,
				E12475FD1F1E3A7000F32346 /* stage1_4@2x.png */,
				E12475FE1F1E3A7000F32346 /* stage1_4@3x.png */,
				E12475FF1F1E3A7000F32346 /* stage1_5.png */,
				E12476001F1E3A7000F32346 /* stage1_5@2x.png */,
				E12476011F1E3A7000F32346 /* stage1_5@3x.png */,
			);
			name = "chapter 1";
			sourceTree = "<group>";
		};
/* End PBXGroup section */

/* Begin PBXNativeTarget section */
		E12475AD1F1C8A1600F32346 /* Labyinth */ = {
			isa = PBXNativeTarget;
			buildConfigurationList = E12475C01F1C8A1600F32346 /* Build configuration list for PBXNativeTarget "Labyinth" */;
			buildPhases = (
				E12475AA1F1C8A1600F32346 /* Sources */,
				E12475AB1F1C8A1600F32346 /* Frameworks */,
				E12475AC1F1C8A1600F32346 /* Resources */,
			);
			buildRules = (
			);
			dependencies = (
			);
			name = Labyinth;
			productName = Labyinth;
			productReference = E12475AE1F1C8A1600F32346 /* Labyinth.app */;
			productType = "com.apple.product-type.application";
		};
/* End PBXNativeTarget section */

/* Begin PBXProject section */
		E12475A61F1C8A1600F32346 /* Project object */ = {
			isa = PBXProject;
			attributes = {
				LastSwiftUpdateCheck = 0830;
				LastUpgradeCheck = 0830;
				ORGANIZATIONNAME = hyphen;
				TargetAttributes = {
					E12475AD1F1C8A1600F32346 = {
						CreatedOnToolsVersion = 8.3.3;
						DevelopmentTeam = DHH8LP474C;
						ProvisioningStyle = Automatic;
					};
				};
			};
			buildConfigurationList = E12475A91F1C8A1600F32346 /* Build configuration list for PBXProject "Labyinth" */;
			compatibilityVersion = "Xcode 3.2";
			developmentRegion = English;
			hasScannedForEncodings = 0;
			knownRegions = (
				en,
				Base,
			);
			mainGroup = E12475A51F1C8A1600F32346;
			productRefGroup = E12475AF1F1C8A1600F32346 /* Products */;
			projectDirPath = "";
			projectRoot = "";
			targets = (
				E12475AD1F1C8A1600F32346 /* Labyinth */,
			);
		};
/* End PBXProject section */

/* Begin PBXResourcesBuildPhase section */
		E12475AC1F1C8A1600F32346 /* Resources */ = {
			isa = PBXResourcesBuildPhase;
			buildActionMask = 2147483647;
			files = (
				E124760D1F1E3A7000F32346 /* stage1_4@3x.png in Resources */,
				E12476041F1E3A7000F32346 /* stage1_1@3x.png in Resources */,
				E12476081F1E3A7000F32346 /* stage1_3.png in Resources */,
				E12475DF1F1DA64C00F32346 /* ball5.png in Resources */,
				E12475D91F1DA60300F32346 /* ball2.png in Resources */,
				E12476031F1E3A7000F32346 /* stage1_1@2x.png in Resources */,
				E124760E1F1E3A7000F32346 /* stage1_5.png in Resources */,
				E12475F01F1E036700F32346 /* Background@2x.png in Resources */,
				E12475F11F1E036700F32346 /* Background@3x.png in Resources */,
				E12475D71F1DA5F800F32346 /* ball1.png in Resources */,
				E124760B1F1E3A7000F32346 /* stage1_4.png in Resources */,
				E124760C1F1E3A7000F32346 /* stage1_4@2x.png in Resources */,
				E12475DB1F1DA63900F32346 /* ball3.png in Resources */,
				E12476071F1E3A7000F32346 /* stage1_2@3x.png in Resources */,
				E12476101F1E3A7000F32346 /* stage1_5@3x.png in Resources */,
				E124760F1F1E3A7000F32346 /* stage1_5@2x.png in Resources */,
				E12476051F1E3A7000F32346 /* stage1_2.png in Resources */,
				E12475DD1F1DA64200F32346 /* ball4.png in Resources */,
				E12475BC1F1C8A1600F32346 /* LaunchScreen.storyboard in Resources */,
				E12475B91F1C8A1600F32346 /* Assets.xcassets in Resources */,
				E12476021F1E3A7000F32346 /* stage1_1.png in Resources */,
				E12476061F1E3A7000F32346 /* stage1_2@2x.png in Resources */,
				E12475EF1F1E036700F32346 /* Background.png in Resources */,
				E12475B71F1C8A1600F32346 /* Main.storyboard in Resources */,
				E12476091F1E3A7000F32346 /* stage1_3@2x.png in Resources */,
				E124760A1F1E3A7000F32346 /* stage1_3@3x.png in Resources */,
				E12475D51F1DA5E900F32346 /* ball.png in Resources */,
			);
			runOnlyForDeploymentPostprocessing = 0;
		};
/* End PBXResourcesBuildPhase section */

/* Begin PBXSourcesBuildPhase section */
		E12475AA1F1C8A1600F32346 /* Sources */ = {
			isa = PBXSourcesBuildPhase;
			buildActionMask = 2147483647;
			files = (
				E12475C61F1C8B5100F32346 /* Ball.swift in Sources */,
				E12475B41F1C8A1600F32346 /* ViewController.swift in Sources */,
				E12475E51F1DEE3C00F32346 /* GoalView.swift in Sources */,
				E12475E31F1DD5B200F32346 /* HoleView.swift in Sources */,
				E12475B21F1C8A1600F32346 /* AppDelegate.swift in Sources */,
			);
			runOnlyForDeploymentPostprocessing = 0;
		};
/* End PBXSourcesBuildPhase section */

/* Begin PBXVariantGroup section */
		E12475B51F1C8A1600F32346 /* Main.storyboard */ = {
			isa = PBXVariantGroup;
			children = (
				E12475B61F1C8A1600F32346 /* Base */,
			);
			name = Main.storyboard;
			sourceTree = "<group>";
		};
		E12475BA1F1C8A1600F32346 /* LaunchScreen.storyboard */ = {
			isa = PBXVariantGroup;
			children = (
				E12475BB1F1C8A1600F32346 /* Base */,
			);
			name = LaunchScreen.storyboard;
			sourceTree = "<group>";
		};
/* End PBXVariantGroup section */

/* Begin XCBuildConfiguration section */
		E12475BE1F1C8A1600F32346 /* Debug */ = {
			isa = XCBuildConfiguration;
			buildSettings = {
				ALWAYS_SEARCH_USER_PATHS = NO;
				CLANG_ANALYZER_NONNULL = YES;
				CLANG_ANALYZER_NUMBER_OBJECT_CONVERSION = YES_AGGRESSIVE;
				CLANG_CXX_LANGUAGE_STANDARD = "gnu++0x";
				CLANG_CXX_LIBRARY = "libc++";
				CLANG_ENABLE_MODULES = YES;
				CLANG_ENABLE_OBJC_ARC = YES;
				CLANG_WARN_BOOL_CONVERSION = YES;
				CLANG_WARN_CONSTANT_CONVERSION = YES;
				CLANG_WARN_DIRECT_OBJC_ISA_USAGE = YES_ERROR;
				CLANG_WARN_DOCUMENTATION_COMMENTS = YES;
				CLANG_WARN_EMPTY_BODY = YES;
				CLANG_WARN_ENUM_CONVERSION = YES;
				CLANG_WARN_INFINITE_RECURSION = YES;
				CLANG_WARN_INT_CONVERSION = YES;
				CLANG_WARN_OBJC_ROOT_CLASS = YES_ERROR;
				CLANG_WARN_SUSPICIOUS_MOVE = YES;
				CLANG_WARN_UNREACHABLE_CODE = YES;
				CLANG_WARN__DUPLICATE_METHOD_MATCH = YES;
				"CODE_SIGN_IDENTITY[sdk=iphoneos*]" = "iPhone Developer";
				COPY_PHASE_STRIP = NO;
				DEBUG_INFORMATION_FORMAT = dwarf;
				ENABLE_STRICT_OBJC_MSGSEND = YES;
				ENABLE_TESTABILITY = YES;
				GCC_C_LANGUAGE_STANDARD = gnu99;
				GCC_DYNAMIC_NO_PIC = NO;
				GCC_NO_COMMON_BLOCKS = YES;
				GCC_OPTIMIZATION_LEVEL = 0;
				GCC_PREPROCESSOR_DEFINITIONS = (
					"DEBUG=1",
					"$(inherited)",
				);
				GCC_WARN_64_TO_32_BIT_CONVERSION = YES;
				GCC_WARN_ABOUT_RETURN_TYPE = YES_ERROR;
				GCC_WARN_UNDECLARED_SELECTOR = YES;
				GCC_WARN_UNINITIALIZED_AUTOS = YES_AGGRESSIVE;
				GCC_WARN_UNUSED_FUNCTION = YES;
				GCC_WARN_UNUSED_VARIABLE = YES;
				IPHONEOS_DEPLOYMENT_TARGET = 10.3;
				MTL_ENABLE_DEBUG_INFO = YES;
				ONLY_ACTIVE_ARCH = YES;
				SDKROOT = iphoneos;
				SWIFT_ACTIVE_COMPILATION_CONDITIONS = DEBUG;
				SWIFT_OPTIMIZATION_LEVEL = "-Onone";
				TARGETED_DEVICE_FAMILY = "1,2";
			};
			name = Debug;
		};
		E12475BF1F1C8A1600F32346 /* Release */ = {
			isa = XCBuildConfiguration;
			buildSettings = {
				ALWAYS_SEARCH_USER_PATHS = NO;
				CLANG_ANALYZER_NONNULL = YES;
				CLANG_ANALYZER_NUMBER_OBJECT_CONVERSION = YES_AGGRESSIVE;
				CLANG_CXX_LANGUAGE_STANDARD = "gnu++0x";
				CLANG_CXX_LIBRARY = "libc++";
				CLANG_ENABLE_MODULES = YES;
				CLANG_ENABLE_OBJC_ARC = YES;
				CLANG_WARN_BOOL_CONVERSION = YES;
				CLANG_WARN_CONSTANT_CONVERSION = YES;
				CLANG_WARN_DIRECT_OBJC_ISA_USAGE = YES_ERROR;
				CLANG_WARN_DOCUMENTATION_COMMENTS = YES;
				CLANG_WARN_EMPTY_BODY = YES;
				CLANG_WARN_ENUM_CONVERSION = YES;
				CLANG_WARN_INFINITE_RECURSION = YES;
				CLANG_WARN_INT_CONVERSION = YES;
				CLANG_WARN_OBJC_ROOT_CLASS = YES_ERROR;
				CLANG_WARN_SUSPICIOUS_MOVE = YES;
				CLANG_WARN_UNREACHABLE_CODE = YES;
				CLANG_WARN__DUPLICATE_METHOD_MATCH = YES;
				"CODE_SIGN_IDENTITY[sdk=iphoneos*]" = "iPhone Developer";
				COPY_PHASE_STRIP = NO;
				DEBUG_INFORMATION_FORMAT = "dwarf-with-dsym";
				ENABLE_NS_ASSERTIONS = NO;
				ENABLE_STRICT_OBJC_MSGSEND = YES;
				GCC_C_LANGUAGE_STANDARD = gnu99;
				GCC_NO_COMMON_BLOCKS = YES;
				GCC_WARN_64_TO_32_BIT_CONVERSION = YES;
				GCC_WARN_ABOUT_RETURN_TYPE = YES_ERROR;
				GCC_WARN_UNDECLARED_SELECTOR = YES;
				GCC_WARN_UNINITIALIZED_AUTOS = YES_AGGRESSIVE;
				GCC_WARN_UNUSED_FUNCTION = YES;
				GCC_WARN_UNUSED_VARIABLE = YES;
				IPHONEOS_DEPLOYMENT_TARGET = 10.3;
				MTL_ENABLE_DEBUG_INFO = NO;
				SDKROOT = iphoneos;
				SWIFT_OPTIMIZATION_LEVEL = "-Owholemodule";
				TARGETED_DEVICE_FAMILY = "1,2";
				VALIDATE_PRODUCT = YES;
			};
			name = Release;
		};
		E12475C11F1C8A1600F32346 /* Debug */ = {
			isa = XCBuildConfiguration;
			buildSettings = {
				ASSETCATALOG_COMPILER_APPICON_NAME = AppIcon;
				DEVELOPMENT_TEAM = DHH8LP474C;
				INFOPLIST_FILE = Labyinth/Info.plist;
				IPHONEOS_DEPLOYMENT_TARGET = 10.1;
				LD_RUNPATH_SEARCH_PATHS = "$(inherited) @executable_path/Frameworks";
				PRODUCT_BUNDLE_IDENTIFIER = tw.com.hyphen.Labyinth;
				PRODUCT_NAME = "$(TARGET_NAME)";
				SWIFT_VERSION = 3.0;
			};
			name = Debug;
		};
		E12475C21F1C8A1600F32346 /* Release */ = {
			isa = XCBuildConfiguration;
			buildSettings = {
				ASSETCATALOG_COMPILER_APPICON_NAME = AppIcon;
				DEVELOPMENT_TEAM = DHH8LP474C;
				INFOPLIST_FILE = Labyinth/Info.plist;
				IPHONEOS_DEPLOYMENT_TARGET = 10.1;
				LD_RUNPATH_SEARCH_PATHS = "$(inherited) @executable_path/Frameworks";
				PRODUCT_BUNDLE_IDENTIFIER = tw.com.hyphen.Labyinth;
				PRODUCT_NAME = "$(TARGET_NAME)";
				SWIFT_VERSION = 3.0;
			};
			name = Release;
		};
/* End XCBuildConfiguration section */

/* Begin XCConfigurationList section */
		E12475A91F1C8A1600F32346 /* Build configuration list for PBXProject "Labyinth" */ = {
			isa = XCConfigurationList;
			buildConfigurations = (
				E12475BE1F1C8A1600F32346 /* Debug */,
				E12475BF1F1C8A1600F32346 /* Release */,
			);
			defaultConfigurationIsVisible = 0;
			defaultConfigurationName = Release;
		};
		E12475C01F1C8A1600F32346 /* Build configuration list for PBXNativeTarget "Labyinth" */ = {
			isa = XCConfigurationList;
			buildConfigurations = (
				E12475C11F1C8A1600F32346 /* Debug */,
				E12475C21F1C8A1600F32346 /* Release */,
			);
			defaultConfigurationIsVisible = 0;
			defaultConfigurationName = Release;
		};
/* End XCConfigurationList section */
	};
	rootObject = E12475A61F1C8A1600F32346 /* Project object */;
}
